
Microsoft Visual Studio Solution File, Format Version 12.00
# Visual Studio Version 17
VisualStudioVersion = 17.2.32519.379
MinimumVisualStudioVersion = 10.0.40219.1
Project("{FAE04EC0-301F-11D3-BF4B-00C04F79EFBC}") = "Lab_06", "Lab_06.csproj", "{B291CF83-65FE-4F67-BDB3-7043A613CCDA}"
EndProject
Global
	GlobalSection(SolutionConfigurationPlatforms) = preSolution
		Debug|Any CPU = Debug|Any CPU
		Release|Any CPU = Release|Any CPU
	EndGlobalSection
	GlobalSection(ProjectConfigurationPlatforms) = postSolution
		{B291CF83-65FE-4F67-BDB3-7043A613CCDA}.Debug|Any CPU.ActiveCfg = Debug|Any CPU
		{B291CF83-65FE-4F67-BDB3-7043A613CCDA}.Debug|Any CPU.Build.0 = Debug|Any CPU
		{B291CF83-65FE-4F67-BDB3-7043A613CCDA}.Release|Any CPU.ActiveCfg = Release|Any CPU
		{B291CF83-65FE-4F67-BDB3-7043A613CCDA}.Release|Any CPU.Build.0 = Release|Any CPU
	EndGlobalSection
	GlobalSection(SolutionProperties) = preSolution
		HideSolutionNode = FALSE
	EndGlobalSection
	GlobalSection(ExtensibilityGlobals) = postSolution
		SolutionGuid = {AC1AFFC8-9A3D-44A8-8573-A8096DB698AD}
	EndGlobalSection
EndGlobal
