
Microsoft Visual Studio Solution File, Format Version 12.00
# Visual Studio Version 17
VisualStudioVersion = 17.2.32519.379
MinimumVisualStudioVersion = 10.0.40219.1
Project("{FAE04EC0-301F-11D3-BF4B-00C04F79EFBC}") = "EX2", "EX2.csproj", "{1A416D76-7E90-436C-9DA4-B7ADA072146A}"
EndProject
Global
	GlobalSection(SolutionConfigurationPlatforms) = preSolution
		Debug|Any CPU = Debug|Any CPU
		Release|Any CPU = Release|Any CPU
	EndGlobalSection
	GlobalSection(ProjectConfigurationPlatforms) = postSolution
		{1A416D76-7E90-436C-9DA4-B7ADA072146A}.Debug|Any CPU.ActiveCfg = Debug|Any CPU
		{1A416D76-7E90-436C-9DA4-B7ADA072146A}.Debug|Any CPU.Build.0 = Debug|Any CPU
		{1A416D76-7E90-436C-9DA4-B7ADA072146A}.Release|Any CPU.ActiveCfg = Release|Any CPU
		{1A416D76-7E90-436C-9DA4-B7ADA072146A}.Release|Any CPU.Build.0 = Release|Any CPU
	EndGlobalSection
	GlobalSection(SolutionProperties) = preSolution
		HideSolutionNode = FALSE
	EndGlobalSection
	GlobalSection(ExtensibilityGlobals) = postSolution
		SolutionGuid = {A84AEB7B-668E-4394-A8BF-45BB56259A0E}
	EndGlobalSection
EndGlobal
