
Microsoft Visual Studio Solution File, Format Version 12.00
# Visual Studio Version 17
VisualStudioVersion = 17.2.32519.379
MinimumVisualStudioVersion = 10.0.40219.1
Project("{FAE04EC0-301F-11D3-BF4B-00C04F79EFBC}") = "SortingAlgo", "SortingAlgo.csproj", "{4EF7B568-035B-416B-8BC7-0E0CB6F35C73}"
EndProject
Global
	GlobalSection(SolutionConfigurationPlatforms) = preSolution
		Debug|Any CPU = Debug|Any CPU
		Release|Any CPU = Release|Any CPU
	EndGlobalSection
	GlobalSection(ProjectConfigurationPlatforms) = postSolution
		{4EF7B568-035B-416B-8BC7-0E0CB6F35C73}.Debug|Any CPU.ActiveCfg = Debug|Any CPU
		{4EF7B568-035B-416B-8BC7-0E0CB6F35C73}.Debug|Any CPU.Build.0 = Debug|Any CPU
		{4EF7B568-035B-416B-8BC7-0E0CB6F35C73}.Release|Any CPU.ActiveCfg = Release|Any CPU
		{4EF7B568-035B-416B-8BC7-0E0CB6F35C73}.Release|Any CPU.Build.0 = Release|Any CPU
	EndGlobalSection
	GlobalSection(SolutionProperties) = preSolution
		HideSolutionNode = FALSE
	EndGlobalSection
	GlobalSection(ExtensibilityGlobals) = postSolution
		SolutionGuid = {91843F60-A582-4E25-9F24-D099D061FFA1}
	EndGlobalSection
EndGlobal
