
Microsoft Visual Studio Solution File, Format Version 12.00
# Visual Studio Version 17
VisualStudioVersion = 17.2.32519.379
MinimumVisualStudioVersion = 10.0.40219.1
Project("{FAE04EC0-301F-11D3-BF4B-00C04F79EFBC}") = "P2", "P2.csproj", "{7BE2FA20-1B36-49AF-87BF-2356DE6C554E}"
EndProject
Global
	GlobalSection(SolutionConfigurationPlatforms) = preSolution
		Debug|Any CPU = Debug|Any CPU
		Release|Any CPU = Release|Any CPU
	EndGlobalSection
	GlobalSection(ProjectConfigurationPlatforms) = postSolution
		{7BE2FA20-1B36-49AF-87BF-2356DE6C554E}.Debug|Any CPU.ActiveCfg = Debug|Any CPU
		{7BE2FA20-1B36-49AF-87BF-2356DE6C554E}.Debug|Any CPU.Build.0 = Debug|Any CPU
		{7BE2FA20-1B36-49AF-87BF-2356DE6C554E}.Release|Any CPU.ActiveCfg = Release|Any CPU
		{7BE2FA20-1B36-49AF-87BF-2356DE6C554E}.Release|Any CPU.Build.0 = Release|Any CPU
	EndGlobalSection
	GlobalSection(SolutionProperties) = preSolution
		HideSolutionNode = FALSE
	EndGlobalSection
	GlobalSection(ExtensibilityGlobals) = postSolution
		SolutionGuid = {3EF83BAF-CC35-4264-A789-E8916D7F0A2D}
	EndGlobalSection
EndGlobal
