
Microsoft Visual Studio Solution File, Format Version 12.00
# Visual Studio Version 17
VisualStudioVersion = 17.2.32519.379
MinimumVisualStudioVersion = 10.0.40219.1
Project("{FAE04EC0-301F-11D3-BF4B-00C04F79EFBC}") = "BinarySearch", "BinarySearch.csproj", "{01AAD190-A126-462F-932E-C647B80B31CF}"
EndProject
Global
	GlobalSection(SolutionConfigurationPlatforms) = preSolution
		Debug|Any CPU = Debug|Any CPU
		Release|Any CPU = Release|Any CPU
	EndGlobalSection
	GlobalSection(ProjectConfigurationPlatforms) = postSolution
		{01AAD190-A126-462F-932E-C647B80B31CF}.Debug|Any CPU.ActiveCfg = Debug|Any CPU
		{01AAD190-A126-462F-932E-C647B80B31CF}.Debug|Any CPU.Build.0 = Debug|Any CPU
		{01AAD190-A126-462F-932E-C647B80B31CF}.Release|Any CPU.ActiveCfg = Release|Any CPU
		{01AAD190-A126-462F-932E-C647B80B31CF}.Release|Any CPU.Build.0 = Release|Any CPU
	EndGlobalSection
	GlobalSection(SolutionProperties) = preSolution
		HideSolutionNode = FALSE
	EndGlobalSection
	GlobalSection(ExtensibilityGlobals) = postSolution
		SolutionGuid = {18BEEA98-5470-42C4-90BD-363DB4F5CA64}
	EndGlobalSection
EndGlobal
