
Microsoft Visual Studio Solution File, Format Version 12.00
# Visual Studio Version 17
VisualStudioVersion = 17.2.32519.379
MinimumVisualStudioVersion = 10.0.40219.1
Project("{FAE04EC0-301F-11D3-BF4B-00C04F79EFBC}") = "Stringly_LinkedList", "Stringly_LinkedList.csproj", "{FB544BC8-3B78-48ED-821B-4FE2F8BF9942}"
EndProject
Global
	GlobalSection(SolutionConfigurationPlatforms) = preSolution
		Debug|Any CPU = Debug|Any CPU
		Release|Any CPU = Release|Any CPU
	EndGlobalSection
	GlobalSection(ProjectConfigurationPlatforms) = postSolution
		{FB544BC8-3B78-48ED-821B-4FE2F8BF9942}.Debug|Any CPU.ActiveCfg = Debug|Any CPU
		{FB544BC8-3B78-48ED-821B-4FE2F8BF9942}.Debug|Any CPU.Build.0 = Debug|Any CPU
		{FB544BC8-3B78-48ED-821B-4FE2F8BF9942}.Release|Any CPU.ActiveCfg = Release|Any CPU
		{FB544BC8-3B78-48ED-821B-4FE2F8BF9942}.Release|Any CPU.Build.0 = Release|Any CPU
	EndGlobalSection
	GlobalSection(SolutionProperties) = preSolution
		HideSolutionNode = FALSE
	EndGlobalSection
	GlobalSection(ExtensibilityGlobals) = postSolution
		SolutionGuid = {F7D3B1D4-CF68-4BC7-8CF9-2668F885B29F}
	EndGlobalSection
EndGlobal
