
Microsoft Visual Studio Solution File, Format Version 12.00
# Visual Studio Version 17
VisualStudioVersion = 17.2.32519.379
MinimumVisualStudioVersion = 10.0.40219.1
Project("{FAE04EC0-301F-11D3-BF4B-00C04F79EFBC}") = "Labo1_integer_array_reverse", "Labo1_integer_array_reverse.csproj", "{EF12D57D-FB40-4952-9ABC-CC2DAC6E254C}"
EndProject
Global
	GlobalSection(SolutionConfigurationPlatforms) = preSolution
		Debug|Any CPU = Debug|Any CPU
		Release|Any CPU = Release|Any CPU
	EndGlobalSection
	GlobalSection(ProjectConfigurationPlatforms) = postSolution
		{EF12D57D-FB40-4952-9ABC-CC2DAC6E254C}.Debug|Any CPU.ActiveCfg = Debug|Any CPU
		{EF12D57D-FB40-4952-9ABC-CC2DAC6E254C}.Debug|Any CPU.Build.0 = Debug|Any CPU
		{EF12D57D-FB40-4952-9ABC-CC2DAC6E254C}.Release|Any CPU.ActiveCfg = Release|Any CPU
		{EF12D57D-FB40-4952-9ABC-CC2DAC6E254C}.Release|Any CPU.Build.0 = Release|Any CPU
	EndGlobalSection
	GlobalSection(SolutionProperties) = preSolution
		HideSolutionNode = FALSE
	EndGlobalSection
	GlobalSection(ExtensibilityGlobals) = postSolution
		SolutionGuid = {5024AF00-3981-45FF-A3B8-9960A1D73FBC}
	EndGlobalSection
EndGlobal
