
Microsoft Visual Studio Solution File, Format Version 12.00
# Visual Studio Version 17
VisualStudioVersion = 17.2.32519.379
MinimumVisualStudioVersion = 10.0.40219.1
Project("{FAE04EC0-301F-11D3-BF4B-00C04F79EFBC}") = "Recursive", "Recursive.csproj", "{DEFEDAA0-16B7-47A8-B4EB-24CE84580D01}"
EndProject
Global
	GlobalSection(SolutionConfigurationPlatforms) = preSolution
		Debug|Any CPU = Debug|Any CPU
		Release|Any CPU = Release|Any CPU
	EndGlobalSection
	GlobalSection(ProjectConfigurationPlatforms) = postSolution
		{DEFEDAA0-16B7-47A8-B4EB-24CE84580D01}.Debug|Any CPU.ActiveCfg = Debug|Any CPU
		{DEFEDAA0-16B7-47A8-B4EB-24CE84580D01}.Debug|Any CPU.Build.0 = Debug|Any CPU
		{DEFEDAA0-16B7-47A8-B4EB-24CE84580D01}.Release|Any CPU.ActiveCfg = Release|Any CPU
		{DEFEDAA0-16B7-47A8-B4EB-24CE84580D01}.Release|Any CPU.Build.0 = Release|Any CPU
	EndGlobalSection
	GlobalSection(SolutionProperties) = preSolution
		HideSolutionNode = FALSE
	EndGlobalSection
	GlobalSection(ExtensibilityGlobals) = postSolution
		SolutionGuid = {EB69703E-369F-4B6A-8707-0DA24DBBA557}
	EndGlobalSection
EndGlobal
